// !$*UTF8*$!
{
	archiveVersion = 1;
	classes = {
	};
	objectVersion = 50;
	objects = {

/* Begin PBXBuildFile section */
		6C8872322591B67F00CE2992 /* LandmarksApp.swift in Sources */ = {isa = PBXBuildFile; fileRef = 6C8872312591B67F00CE2992 /* LandmarksApp.swift */; };
		6C8872362591B68300CE2992 /* Assets.xcassets in Resources */ = {isa = PBXBuildFile; fileRef = 6C8872352591B68300CE2992 /* Assets.xcassets */; };
		6C8872392591B68300CE2992 /* Preview Assets.xcassets in Resources */ = {isa = PBXBuildFile; fileRef = 6C8872382591B68300CE2992 /* Preview Assets.xcassets */; };
		6C8872442591B68400CE2992 /* LandmarksTests.swift in Sources */ = {isa = PBXBuildFile; fileRef = 6C8872432591B68400CE2992 /* LandmarksTests.swift */; };
		6C88724F2591B68400CE2992 /* LandmarksUITests.swift in Sources */ = {isa = PBXBuildFile; fileRef = 6C88724E2591B68400CE2992 /* LandmarksUITests.swift */; };
		6C8872632591B76A00CE2992 /* ContentView.swift in Sources */ = {isa = PBXBuildFile; fileRef = 6C8872332591B67F00CE2992 /* ContentView.swift */; };
		6C88726E2591C6E600CE2992 /* CircleImage.swift in Sources */ = {isa = PBXBuildFile; fileRef = 6C88726D2591C6E600CE2992 /* CircleImage.swift */; };
		6C8872732591C97800CE2992 /* MapView.swift in Sources */ = {isa = PBXBuildFile; fileRef = 6C8872722591C97800CE2992 /* MapView.swift */; };
		6C8872782591D31000CE2992 /* landmarkData.json in Resources */ = {isa = PBXBuildFile; fileRef = 6C8872772591D31000CE2992 /* landmarkData.json */; };
		6C88727D2591D34E00CE2992 /* Landmark.swift in Sources */ = {isa = PBXBuildFile; fileRef = 6C88727C2591D34E00CE2992 /* Landmark.swift */; };
		6C8872822591D58D00CE2992 /* ModelData.swift in Sources */ = {isa = PBXBuildFile; fileRef = 6C8872812591D58D00CE2992 /* ModelData.swift */; };
		6C8872902592713900CE2992 /* LandmarkRow.swift in Sources */ = {isa = PBXBuildFile; fileRef = 6C88728F2592713900CE2992 /* LandmarkRow.swift */; };
		6C887295259274BB00CE2992 /* LandmarkList.swift in Sources */ = {isa = PBXBuildFile; fileRef = 6C887294259274BB00CE2992 /* LandmarkList.swift */; };
		6C88729A2592778900CE2992 /* LandmarkDetail.swift in Sources */ = {isa = PBXBuildFile; fileRef = 6C8872992592778900CE2992 /* LandmarkDetail.swift */; };
		6C88729F2592E68100CE2992 /* FavoriteButton.swift in Sources */ = {isa = PBXBuildFile; fileRef = 6C88729E2592E68100CE2992 /* FavoriteButton.swift */; };
		6C8872A925931D0500CE2992 /* HexagonParameters.swift in Sources */ = {isa = PBXBuildFile; fileRef = 6C8872A825931D0500CE2992 /* HexagonParameters.swift */; };
		6C8872AE2593212900CE2992 /* BadgeBackground.swift in Sources */ = {isa = PBXBuildFile; fileRef = 6C8872AD2593212900CE2992 /* BadgeBackground.swift */; };
		6C8872B32593B02E00CE2992 /* BadgeSymbol.swift in Sources */ = {isa = PBXBuildFile; fileRef = 6C8872B22593B02E00CE2992 /* BadgeSymbol.swift */; };
		6C8872B8259423CC00CE2992 /* RotatedBadgeSymbol.swift in Sources */ = {isa = PBXBuildFile; fileRef = 6C8872B7259423CC00CE2992 /* RotatedBadgeSymbol.swift */; };
		6C8872BD259431E100CE2992 /* Badge.swift in Sources */ = {isa = PBXBuildFile; fileRef = 6C8872BC259431E100CE2992 /* Badge.swift */; };
		6CD33A1425945F8F00E1D66C /* hikeData.json in Resources */ = {isa = PBXBuildFile; fileRef = 6CD33A1325945F8F00E1D66C /* hikeData.json */; };
		6CD33A1925945FF200E1D66C /* Hike.swift in Sources */ = {isa = PBXBuildFile; fileRef = 6CD33A1825945FF200E1D66C /* Hike.swift */; };
		6CD33A22259461A800E1D66C /* GraphCapsule.swift in Sources */ = {isa = PBXBuildFile; fileRef = 6CD33A1E259461A800E1D66C /* GraphCapsule.swift */; };
		6CD33A23259461A800E1D66C /* HikeGraph.swift in Sources */ = {isa = PBXBuildFile; fileRef = 6CD33A1F259461A800E1D66C /* HikeGraph.swift */; };
		6CD33A24259461A800E1D66C /* HikeDetail.swift in Sources */ = {isa = PBXBuildFile; fileRef = 6CD33A20259461A800E1D66C /* HikeDetail.swift */; };
		6CD33A25259461A800E1D66C /* HikeView.swift in Sources */ = {isa = PBXBuildFile; fileRef = 6CD33A21259461A800E1D66C /* HikeView.swift */; };
		6CD33A2B25950EE000E1D66C /* CategoryHome.swift in Sources */ = {isa = PBXBuildFile; fileRef = 6CD33A2A25950EDF00E1D66C /* CategoryHome.swift */; };
		6CD33A302595133D00E1D66C /* CategoryRow.swift in Sources */ = {isa = PBXBuildFile; fileRef = 6CD33A2F2595133D00E1D66C /* CategoryRow.swift */; };
		6CD33A352595160700E1D66C /* CategoryItem.swift in Sources */ = {isa = PBXBuildFile; fileRef = 6CD33A342595160700E1D66C /* CategoryItem.swift */; };
		6CD33A3A25951EDF00E1D66C /* Profile.swift in Sources */ = {isa = PBXBuildFile; fileRef = 6CD33A3925951EDF00E1D66C /* Profile.swift */; };
		6CD33A402595260500E1D66C /* ProfileHost.swift in Sources */ = {isa = PBXBuildFile; fileRef = 6CD33A3F2595260500E1D66C /* ProfileHost.swift */; };
		6CD33A452595290100E1D66C /* ProfileSummary.swift in Sources */ = {isa = PBXBuildFile; fileRef = 6CD33A442595290100E1D66C /* ProfileSummary.swift */; };
		6CD33A4A25952AC700E1D66C /* HikeBadge.swift in Sources */ = {isa = PBXBuildFile; fileRef = 6CD33A4925952AC700E1D66C /* HikeBadge.swift */; };
		6CD33A4F259562B100E1D66C /* ProfileEditor.swift in Sources */ = {isa = PBXBuildFile; fileRef = 6CD33A4E259562B100E1D66C /* ProfileEditor.swift */; };
		6CD33A55259571AF00E1D66C /* PageViewController.swift in Sources */ = {isa = PBXBuildFile; fileRef = 6CD33A54259571AF00E1D66C /* PageViewController.swift */; };
		6CD33A5A259575B300E1D66C /* FeatureCard.swift in Sources */ = {isa = PBXBuildFile; fileRef = 6CD33A59259575B300E1D66C /* FeatureCard.swift */; };
		6CD33A5F2595786900E1D66C /* PageView.swift in Sources */ = {isa = PBXBuildFile; fileRef = 6CD33A5E2595786900E1D66C /* PageView.swift */; };
		6CD33A642595864900E1D66C /* PageControl.swift in Sources */ = {isa = PBXBuildFile; fileRef = 6CD33A632595864900E1D66C /* PageControl.swift */; };
		6CD33A6D25958B2100E1D66C /* Assets.xcassets in Resources */ = {isa = PBXBuildFile; fileRef = 6CD33A6C25958B2100E1D66C /* Assets.xcassets */; };
		6CD33A7425958B2100E1D66C /* WatchLandmarks Extension.appex in Embed App Extensions */ = {isa = PBXBuildFile; fileRef = 6CD33A7325958B2100E1D66C /* WatchLandmarks Extension.appex */; settings = {ATTRIBUTES = (RemoveHeadersOnCopy, ); }; };
		6CD33A7B25958B2100E1D66C /* ContentView.swift in Sources */ = {isa = PBXBuildFile; fileRef = 6CD33A7A25958B2100E1D66C /* ContentView.swift */; };
		6CD33A7D25958B2100E1D66C /* NotificationController.swift in Sources */ = {isa = PBXBuildFile; fileRef = 6CD33A7C25958B2100E1D66C /* NotificationController.swift */; };
		6CD33A7F25958B2100E1D66C /* NotificationView.swift in Sources */ = {isa = PBXBuildFile; fileRef = 6CD33A7E25958B2100E1D66C /* NotificationView.swift */; };
		6CD33A8125958B2100E1D66C /* ComplicationController.swift in Sources */ = {isa = PBXBuildFile; fileRef = 6CD33A8025958B2100E1D66C /* ComplicationController.swift */; };
		6CD33A8325958B2200E1D66C /* Assets.xcassets in Resources */ = {isa = PBXBuildFile; fileRef = 6CD33A8225958B2200E1D66C /* Assets.xcassets */; };
		6CD33A8625958B2200E1D66C /* Preview Assets.xcassets in Resources */ = {isa = PBXBuildFile; fileRef = 6CD33A8525958B2200E1D66C /* Preview Assets.xcassets */; };
		6CD33A8B25958B2200E1D66C /* WatchLandmarks.app in Embed Watch Content */ = {isa = PBXBuildFile; fileRef = 6CD33A6A25958B1F00E1D66C /* WatchLandmarks.app */; settings = {ATTRIBUTES = (RemoveHeadersOnCopy, ); }; };
		6CD33AA32595959600E1D66C /* hikeData.json in Resources */ = {isa = PBXBuildFile; fileRef = 6CD33A1325945F8F00E1D66C /* hikeData.json */; };
		6CD33AA42595959600E1D66C /* CircleImage.swift in Sources */ = {isa = PBXBuildFile; fileRef = 6C88726D2591C6E600CE2992 /* CircleImage.swift */; };
		6CD33AA52595959600E1D66C /* landmarkData.json in Resources */ = {isa = PBXBuildFile; fileRef = 6C8872772591D31000CE2992 /* landmarkData.json */; };
		6CD33AA62595959600E1D66C /* Profile.swift in Sources */ = {isa = PBXBuildFile; fileRef = 6CD33A3925951EDF00E1D66C /* Profile.swift */; };
		6CD33AA72595959600E1D66C /* ModelData.swift in Sources */ = {isa = PBXBuildFile; fileRef = 6C8872812591D58D00CE2992 /* ModelData.swift */; };
		6CD33AA82595959600E1D66C /* MapView.swift in Sources */ = {isa = PBXBuildFile; fileRef = 6C8872722591C97800CE2992 /* MapView.swift */; };
		6CD33AA92595959600E1D66C /* LandmarksApp.swift in Sources */ = {isa = PBXBuildFile; fileRef = 6C8872312591B67F00CE2992 /* LandmarksApp.swift */; };
		6CD33AAA2595959600E1D66C /* Hike.swift in Sources */ = {isa = PBXBuildFile; fileRef = 6CD33A1825945FF200E1D66C /* Hike.swift */; };
		6CD33AAB2595959600E1D66C /* Assets.xcassets in Resources */ = {isa = PBXBuildFile; fileRef = 6C8872352591B68300CE2992 /* Assets.xcassets */; };
		6CD33AAC2595959600E1D66C /* Landmark.swift in Sources */ = {isa = PBXBuildFile; fileRef = 6C88727C2591D34E00CE2992 /* Landmark.swift */; };
		6CD33AAD2595959700E1D66C /* LandmarkList.swift in Sources */ = {isa = PBXBuildFile; fileRef = 6C887294259274BB00CE2992 /* LandmarkList.swift */; };
		6CD33AAE2595959700E1D66C /* LandmarkRow.swift in Sources */ = {isa = PBXBuildFile; fileRef = 6C88728F2592713900CE2992 /* LandmarkRow.swift */; };
		6CD33AB52595BA2F00E1D66C /* LandmarkDetail.swift in Sources */ = {isa = PBXBuildFile; fileRef = 6CD33AB42595BA2F00E1D66C /* LandmarkDetail.swift */; };
/* End PBXBuildFile section */

/* Begin PBXContainerItemProxy section */
		6C8872402591B68400CE2992 /* PBXContainerItemProxy */ = {
			isa = PBXContainerItemProxy;
			containerPortal = 6C8872262591B67E00CE2992 /* Project object */;
			proxyType = 1;
			remoteGlobalIDString = 6C88722D2591B67E00CE2992;
			remoteInfo = Landmarks;
		};
		6C88724B2591B68400CE2992 /* PBXContainerItemProxy */ = {
			isa = PBXContainerItemProxy;
			containerPortal = 6C8872262591B67E00CE2992 /* Project object */;
			proxyType = 1;
			remoteGlobalIDString = 6C88722D2591B67E00CE2992;
			remoteInfo = Landmarks;
		};
		6CD33A7525958B2100E1D66C /* PBXContainerItemProxy */ = {
			isa = PBXContainerItemProxy;
			containerPortal = 6C8872262591B67E00CE2992 /* Project object */;
			proxyType = 1;
			remoteGlobalIDString = 6CD33A7225958B2100E1D66C;
			remoteInfo = "WatchLandmarks Extension";
		};
		6CD33A8925958B2200E1D66C /* PBXContainerItemProxy */ = {
			isa = PBXContainerItemProxy;
			containerPortal = 6C8872262591B67E00CE2992 /* Project object */;
			proxyType = 1;
			remoteGlobalIDString = 6CD33A6925958B1F00E1D66C;
			remoteInfo = WatchLandmarks;
		};
/* End PBXContainerItemProxy section */

/* Begin PBXCopyFilesBuildPhase section */
		6CD33A8F25958B2200E1D66C /* Embed App Extensions */ = {
			isa = PBXCopyFilesBuildPhase;
			buildActionMask = 2147483647;
			dstPath = "";
			dstSubfolderSpec = 13;
			files = (
				6CD33A7425958B2100E1D66C /* WatchLandmarks Extension.appex in Embed App Extensions */,
			);
			name = "Embed App Extensions";
			runOnlyForDeploymentPostprocessing = 0;
		};
		6CD33A9325958B2200E1D66C /* Embed Watch Content */ = {
			isa = PBXCopyFilesBuildPhase;
			buildActionMask = 2147483647;
			dstPath = "$(CONTENTS_FOLDER_PATH)/Watch";
			dstSubfolderSpec = 16;
			files = (
				6CD33A8B25958B2200E1D66C /* WatchLandmarks.app in Embed Watch Content */,
			);
			name = "Embed Watch Content";
			runOnlyForDeploymentPostprocessing = 0;
		};
/* End PBXCopyFilesBuildPhase section */

/* Begin PBXFileReference section */
		6C88722E2591B67F00CE2992 /* Landmarks.app */ = {isa = PBXFileReference; explicitFileType = wrapper.application; includeInIndex = 0; path = Landmarks.app; sourceTree = BUILT_PRODUCTS_DIR; };
		6C8872312591B67F00CE2992 /* LandmarksApp.swift */ = {isa = PBXFileReference; lastKnownFileType = sourcecode.swift; path = LandmarksApp.swift; sourceTree = "<group>"; };
		6C8872332591B67F00CE2992 /* ContentView.swift */ = {isa = PBXFileReference; lastKnownFileType = sourcecode.swift; path = ContentView.swift; sourceTree = "<group>"; };
		6C8872352591B68300CE2992 /* Assets.xcassets */ = {isa = PBXFileReference; lastKnownFileType = folder.assetcatalog; path = Assets.xcassets; sourceTree = "<group>"; };
		6C8872382591B68300CE2992 /* Preview Assets.xcassets */ = {isa = PBXFileReference; lastKnownFileType = folder.assetcatalog; path = "Preview Assets.xcassets"; sourceTree = "<group>"; };
		6C88723A2591B68300CE2992 /* Info.plist */ = {isa = PBXFileReference; lastKnownFileType = text.plist.xml; path = Info.plist; sourceTree = "<group>"; };
		6C88723F2591B68400CE2992 /* LandmarksTests.xctest */ = {isa = PBXFileReference; explicitFileType = wrapper.cfbundle; includeInIndex = 0; path = LandmarksTests.xctest; sourceTree = BUILT_PRODUCTS_DIR; };
		6C8872432591B68400CE2992 /* LandmarksTests.swift */ = {isa = PBXFileReference; lastKnownFileType = sourcecode.swift; path = LandmarksTests.swift; sourceTree = "<group>"; };
		6C8872452591B68400CE2992 /* Info.plist */ = {isa = PBXFileReference; lastKnownFileType = text.plist.xml; path = Info.plist; sourceTree = "<group>"; };
		6C88724A2591B68400CE2992 /* LandmarksUITests.xctest */ = {isa = PBXFileReference; explicitFileType = wrapper.cfbundle; includeInIndex = 0; path = LandmarksUITests.xctest; sourceTree = BUILT_PRODUCTS_DIR; };
		6C88724E2591B68400CE2992 /* LandmarksUITests.swift */ = {isa = PBXFileReference; lastKnownFileType = sourcecode.swift; path = LandmarksUITests.swift; sourceTree = "<group>"; };
		6C8872502591B68400CE2992 /* Info.plist */ = {isa = PBXFileReference; lastKnownFileType = text.plist.xml; path = Info.plist; sourceTree = "<group>"; };
		6C88726D2591C6E600CE2992 /* CircleImage.swift */ = {isa = PBXFileReference; lastKnownFileType = sourcecode.swift; path = CircleImage.swift; sourceTree = "<group>"; };
		6C8872722591C97800CE2992 /* MapView.swift */ = {isa = PBXFileReference; lastKnownFileType = sourcecode.swift; path = MapView.swift; sourceTree = "<group>"; };
		6C8872772591D31000CE2992 /* landmarkData.json */ = {isa = PBXFileReference; fileEncoding = 4; lastKnownFileType = text.json; path = landmarkData.json; sourceTree = "<group>"; };
		6C88727C2591D34E00CE2992 /* Landmark.swift */ = {isa = PBXFileReference; lastKnownFileType = sourcecode.swift; path = Landmark.swift; sourceTree = "<group>"; };
		6C8872812591D58D00CE2992 /* ModelData.swift */ = {isa = PBXFileReference; lastKnownFileType = sourcecode.swift; path = ModelData.swift; sourceTree = "<group>"; };
		6C88728F2592713900CE2992 /* LandmarkRow.swift */ = {isa = PBXFileReference; lastKnownFileType = sourcecode.swift; path = LandmarkRow.swift; sourceTree = "<group>"; };
		6C887294259274BB00CE2992 /* LandmarkList.swift */ = {isa = PBXFileReference; lastKnownFileType = sourcecode.swift; path = LandmarkList.swift; sourceTree = "<group>"; };
		6C8872992592778900CE2992 /* LandmarkDetail.swift */ = {isa = PBXFileReference; lastKnownFileType = sourcecode.swift; path = LandmarkDetail.swift; sourceTree = "<group>"; };
		6C88729E2592E68100CE2992 /* FavoriteButton.swift */ = {isa = PBXFileReference; lastKnownFileType = sourcecode.swift; path = FavoriteButton.swift; sourceTree = "<group>"; };
		6C8872A825931D0500CE2992 /* HexagonParameters.swift */ = {isa = PBXFileReference; lastKnownFileType = sourcecode.swift; path = HexagonParameters.swift; sourceTree = "<group>"; };
		6C8872AD2593212900CE2992 /* BadgeBackground.swift */ = {isa = PBXFileReference; lastKnownFileType = sourcecode.swift; path = BadgeBackground.swift; sourceTree = "<group>"; };
		6C8872B22593B02E00CE2992 /* BadgeSymbol.swift */ = {isa = PBXFileReference; lastKnownFileType = sourcecode.swift; path = BadgeSymbol.swift; sourceTree = "<group>"; };
		6C8872B7259423CC00CE2992 /* RotatedBadgeSymbol.swift */ = {isa = PBXFileReference; lastKnownFileType = sourcecode.swift; path = RotatedBadgeSymbol.swift; sourceTree = "<group>"; };
		6C8872BC259431E100CE2992 /* Badge.swift */ = {isa = PBXFileReference; lastKnownFileType = sourcecode.swift; path = Badge.swift; sourceTree = "<group>"; };
		6CD33A1325945F8F00E1D66C /* hikeData.json */ = {isa = PBXFileReference; fileEncoding = 4; lastKnownFileType = text.json; path = hikeData.json; sourceTree = "<group>"; };
		6CD33A1825945FF200E1D66C /* Hike.swift */ = {isa = PBXFileReference; lastKnownFileType = sourcecode.swift; path = Hike.swift; sourceTree = "<group>"; };
		6CD33A1E259461A800E1D66C /* GraphCapsule.swift */ = {isa = PBXFileReference; fileEncoding = 4; lastKnownFileType = sourcecode.swift; path = GraphCapsule.swift; sourceTree = "<group>"; };
		6CD33A1F259461A800E1D66C /* HikeGraph.swift */ = {isa = PBXFileReference; fileEncoding = 4; lastKnownFileType = sourcecode.swift; path = HikeGraph.swift; sourceTree = "<group>"; };
		6CD33A20259461A800E1D66C /* HikeDetail.swift */ = {isa = PBXFileReference; fileEncoding = 4; lastKnownFileType = sourcecode.swift; path = HikeDetail.swift; sourceTree = "<group>"; };
		6CD33A21259461A800E1D66C /* HikeView.swift */ = {isa = PBXFileReference; fileEncoding = 4; lastKnownFileType = sourcecode.swift; path = HikeView.swift; sourceTree = "<group>"; };
		6CD33A2A25950EDF00E1D66C /* CategoryHome.swift */ = {isa = PBXFileReference; lastKnownFileType = sourcecode.swift; path = CategoryHome.swift; sourceTree = "<group>"; };
		6CD33A2F2595133D00E1D66C /* CategoryRow.swift */ = {isa = PBXFileReference; lastKnownFileType = sourcecode.swift; path = CategoryRow.swift; sourceTree = "<group>"; };
		6CD33A342595160700E1D66C /* CategoryItem.swift */ = {isa = PBXFileReference; lastKnownFileType = sourcecode.swift; path = CategoryItem.swift; sourceTree = "<group>"; };
		6CD33A3925951EDF00E1D66C /* Profile.swift */ = {isa = PBXFileReference; lastKnownFileType = sourcecode.swift; path = Profile.swift; sourceTree = "<group>"; };
		6CD33A3F2595260500E1D66C /* ProfileHost.swift */ = {isa = PBXFileReference; lastKnownFileType = sourcecode.swift; path = ProfileHost.swift; sourceTree = "<group>"; };
		6CD33A442595290100E1D66C /* ProfileSummary.swift */ = {isa = PBXFileReference; lastKnownFileType = sourcecode.swift; path = ProfileSummary.swift; sourceTree = "<group>"; };
		6CD33A4925952AC700E1D66C /* HikeBadge.swift */ = {isa = PBXFileReference; lastKnownFileType = sourcecode.swift; path = HikeBadge.swift; sourceTree = "<group>"; };
		6CD33A4E259562B100E1D66C /* ProfileEditor.swift */ = {isa = PBXFileReference; lastKnownFileType = sourcecode.swift; path = ProfileEditor.swift; sourceTree = "<group>"; };
		6CD33A54259571AF00E1D66C /* PageViewController.swift */ = {isa = PBXFileReference; lastKnownFileType = sourcecode.swift; path = PageViewController.swift; sourceTree = "<group>"; };
		6CD33A59259575B300E1D66C /* FeatureCard.swift */ = {isa = PBXFileReference; lastKnownFileType = sourcecode.swift; path = FeatureCard.swift; sourceTree = "<group>"; };
		6CD33A5E2595786900E1D66C /* PageView.swift */ = {isa = PBXFileReference; lastKnownFileType = sourcecode.swift; path = PageView.swift; sourceTree = "<group>"; };
		6CD33A632595864900E1D66C /* PageControl.swift */ = {isa = PBXFileReference; lastKnownFileType = sourcecode.swift; path = PageControl.swift; sourceTree = "<group>"; };
		6CD33A6A25958B1F00E1D66C /* WatchLandmarks.app */ = {isa = PBXFileReference; explicitFileType = wrapper.application; includeInIndex = 0; path = WatchLandmarks.app; sourceTree = BUILT_PRODUCTS_DIR; };
		6CD33A6C25958B2100E1D66C /* Assets.xcassets */ = {isa = PBXFileReference; lastKnownFileType = folder.assetcatalog; path = Assets.xcassets; sourceTree = "<group>"; };
		6CD33A6E25958B2100E1D66C /* Info.plist */ = {isa = PBXFileReference; lastKnownFileType = text.plist.xml; path = Info.plist; sourceTree = "<group>"; };
		6CD33A7325958B2100E1D66C /* WatchLandmarks Extension.appex */ = {isa = PBXFileReference; explicitFileType = "wrapper.app-extension"; includeInIndex = 0; path = "WatchLandmarks Extension.appex"; sourceTree = BUILT_PRODUCTS_DIR; };
		6CD33A7A25958B2100E1D66C /* ContentView.swift */ = {isa = PBXFileReference; lastKnownFileType = sourcecode.swift; path = ContentView.swift; sourceTree = "<group>"; };
		6CD33A7C25958B2100E1D66C /* NotificationController.swift */ = {isa = PBXFileReference; lastKnownFileType = sourcecode.swift; path = NotificationController.swift; sourceTree = "<group>"; };
		6CD33A7E25958B2100E1D66C /* NotificationView.swift */ = {isa = PBXFileReference; lastKnownFileType = sourcecode.swift; path = NotificationView.swift; sourceTree = "<group>"; };
		6CD33A8025958B2100E1D66C /* ComplicationController.swift */ = {isa = PBXFileReference; lastKnownFileType = sourcecode.swift; path = ComplicationController.swift; sourceTree = "<group>"; };
		6CD33A8225958B2200E1D66C /* Assets.xcassets */ = {isa = PBXFileReference; lastKnownFileType = folder.assetcatalog; path = Assets.xcassets; sourceTree = "<group>"; };
		6CD33A8525958B2200E1D66C /* Preview Assets.xcassets */ = {isa = PBXFileReference; lastKnownFileType = folder.assetcatalog; path = "Preview Assets.xcassets"; sourceTree = "<group>"; };
		6CD33A8725958B2200E1D66C /* Info.plist */ = {isa = PBXFileReference; lastKnownFileType = text.plist.xml; path = Info.plist; sourceTree = "<group>"; };
		6CD33A8825958B2200E1D66C /* PushNotificationPayload.apns */ = {isa = PBXFileReference; lastKnownFileType = text; path = PushNotificationPayload.apns; sourceTree = "<group>"; };
		6CD33AB42595BA2F00E1D66C /* LandmarkDetail.swift */ = {isa = PBXFileReference; lastKnownFileType = sourcecode.swift; path = LandmarkDetail.swift; sourceTree = "<group>"; };
/* End PBXFileReference section */

/* Begin PBXFrameworksBuildPhase section */
		6C88722B2591B67E00CE2992 /* Frameworks */ = {
			isa = PBXFrameworksBuildPhase;
			buildActionMask = 2147483647;
			files = (
			);
			runOnlyForDeploymentPostprocessing = 0;
		};
		6C88723C2591B68400CE2992 /* Frameworks */ = {
			isa = PBXFrameworksBuildPhase;
			buildActionMask = 2147483647;
			files = (
			);
			runOnlyForDeploymentPostprocessing = 0;
		};
		6C8872472591B68400CE2992 /* Frameworks */ = {
			isa = PBXFrameworksBuildPhase;
			buildActionMask = 2147483647;
			files = (
			);
			runOnlyForDeploymentPostprocessing = 0;
		};
		6CD33A7025958B2100E1D66C /* Frameworks */ = {
			isa = PBXFrameworksBuildPhase;
			buildActionMask = 2147483647;
			files = (
			);
			runOnlyForDeploymentPostprocessing = 0;
		};
/* End PBXFrameworksBuildPhase section */

/* Begin PBXGroup section */
		6C8872252591B67E00CE2992 = {
			isa = PBXGroup;
			children = (
				6C8872302591B67F00CE2992 /* Landmarks */,
				6C8872422591B68400CE2992 /* LandmarksTests */,
				6C88724D2591B68400CE2992 /* LandmarksUITests */,
				6CD33A6B25958B1F00E1D66C /* WatchLandmarks */,
				6CD33A7725958B2100E1D66C /* WatchLandmarks Extension */,
				6C88722F2591B67F00CE2992 /* Products */,
			);
			sourceTree = "<group>";
		};
		6C88722F2591B67F00CE2992 /* Products */ = {
			isa = PBXGroup;
			children = (
				6C88722E2591B67F00CE2992 /* Landmarks.app */,
				6C88723F2591B68400CE2992 /* LandmarksTests.xctest */,
				6C88724A2591B68400CE2992 /* LandmarksUITests.xctest */,
				6CD33A6A25958B1F00E1D66C /* WatchLandmarks.app */,
				6CD33A7325958B2100E1D66C /* WatchLandmarks Extension.appex */,
			);
			name = Products;
			sourceTree = "<group>";
		};
		6C8872302591B67F00CE2992 /* Landmarks */ = {
			isa = PBXGroup;
			children = (
				6C8872882592698C00CE2992 /* Resources */,
				6C8872872592698100CE2992 /* Model */,
				6C8872862592696900CE2992 /* Views */,
				6C8872312591B67F00CE2992 /* LandmarksApp.swift */,
				6C8872352591B68300CE2992 /* Assets.xcassets */,
				6C88723A2591B68300CE2992 /* Info.plist */,
				6C8872372591B68300CE2992 /* Preview Content */,
			);
			path = Landmarks;
			sourceTree = "<group>";
		};
		6C8872372591B68300CE2992 /* Preview Content */ = {
			isa = PBXGroup;
			children = (
				6C8872382591B68300CE2992 /* Preview Assets.xcassets */,
			);
			path = "Preview Content";
			sourceTree = "<group>";
		};
		6C8872422591B68400CE2992 /* LandmarksTests */ = {
			isa = PBXGroup;
			children = (
				6C8872432591B68400CE2992 /* LandmarksTests.swift */,
				6C8872452591B68400CE2992 /* Info.plist */,
			);
			path = LandmarksTests;
			sourceTree = "<group>";
		};
		6C88724D2591B68400CE2992 /* LandmarksUITests */ = {
			isa = PBXGroup;
			children = (
				6C88724E2591B68400CE2992 /* LandmarksUITests.swift */,
				6C8872502591B68400CE2992 /* Info.plist */,
			);
			path = LandmarksUITests;
			sourceTree = "<group>";
		};
		6C8872862592696900CE2992 /* Views */ = {
			isa = PBXGroup;
			children = (
				6CD33A532595719400E1D66C /* PageView */,
				6CD33A3E259525EE00E1D66C /* Profiles */,
				6CD33A2925950EC500E1D66C /* Categories */,
				6CD33A1D259461A800E1D66C /* Hikes */,
				6CD33A0F259446D900E1D66C /* Badges */,
				6C8872A32592E7F100CE2992 /* Landmarks */,
				6C8872A42592E7FD00CE2992 /* Helpers */,
				6C8872332591B67F00CE2992 /* ContentView.swift */,
			);
			path = Views;
			sourceTree = "<group>";
		};
		6C8872872592698100CE2992 /* Model */ = {
			isa = PBXGroup;
			children = (
				6C88727C2591D34E00CE2992 /* Landmark.swift */,
				6C8872812591D58D00CE2992 /* ModelData.swift */,
				6CD33A1825945FF200E1D66C /* Hike.swift */,
				6CD33A3925951EDF00E1D66C /* Profile.swift */,
			);
			path = Model;
			sourceTree = "<group>";
		};
		6C8872882592698C00CE2992 /* Resources */ = {
			isa = PBXGroup;
			children = (
				6CD33A1325945F8F00E1D66C /* hikeData.json */,
				6C8872772591D31000CE2992 /* landmarkData.json */,
			);
			path = Resources;
			sourceTree = "<group>";
		};
		6C8872A32592E7F100CE2992 /* Landmarks */ = {
			isa = PBXGroup;
			children = (
				6C8872992592778900CE2992 /* LandmarkDetail.swift */,
				6C887294259274BB00CE2992 /* LandmarkList.swift */,
				6C88728F2592713900CE2992 /* LandmarkRow.swift */,
				6CD33A59259575B300E1D66C /* FeatureCard.swift */,
			);
			path = Landmarks;
			sourceTree = "<group>";
		};
		6C8872A42592E7FD00CE2992 /* Helpers */ = {
			isa = PBXGroup;
			children = (
				6C88729E2592E68100CE2992 /* FavoriteButton.swift */,
				6C88726D2591C6E600CE2992 /* CircleImage.swift */,
				6C8872722591C97800CE2992 /* MapView.swift */,
			);
			path = Helpers;
			sourceTree = "<group>";
		};
		6CD33A0F259446D900E1D66C /* Badges */ = {
			isa = PBXGroup;
			children = (
				6C8872A825931D0500CE2992 /* HexagonParameters.swift */,
				6C8872AD2593212900CE2992 /* BadgeBackground.swift */,
				6C8872B22593B02E00CE2992 /* BadgeSymbol.swift */,
				6C8872B7259423CC00CE2992 /* RotatedBadgeSymbol.swift */,
				6C8872BC259431E100CE2992 /* Badge.swift */,
			);
			path = Badges;
			sourceTree = "<group>";
		};
		6CD33A1D259461A800E1D66C /* Hikes */ = {
			isa = PBXGroup;
			children = (
				6CD33A1E259461A800E1D66C /* GraphCapsule.swift */,
				6CD33A1F259461A800E1D66C /* HikeGraph.swift */,
				6CD33A20259461A800E1D66C /* HikeDetail.swift */,
				6CD33A21259461A800E1D66C /* HikeView.swift */,
				6CD33A4925952AC700E1D66C /* HikeBadge.swift */,
			);
			path = Hikes;
			sourceTree = "<group>";
		};
		6CD33A2925950EC500E1D66C /* Categories */ = {
			isa = PBXGroup;
			children = (
				6CD33A2A25950EDF00E1D66C /* CategoryHome.swift */,
				6CD33A2F2595133D00E1D66C /* CategoryRow.swift */,
				6CD33A342595160700E1D66C /* CategoryItem.swift */,
			);
			path = Categories;
			sourceTree = "<group>";
		};
		6CD33A3E259525EE00E1D66C /* Profiles */ = {
			isa = PBXGroup;
			children = (
				6CD33A3F2595260500E1D66C /* ProfileHost.swift */,
				6CD33A442595290100E1D66C /* ProfileSummary.swift */,
				6CD33A4E259562B100E1D66C /* ProfileEditor.swift */,
			);
			path = Profiles;
			sourceTree = "<group>";
		};
		6CD33A532595719400E1D66C /* PageView */ = {
			isa = PBXGroup;
			children = (
				6CD33A54259571AF00E1D66C /* PageViewController.swift */,
				6CD33A5E2595786900E1D66C /* PageView.swift */,
				6CD33A632595864900E1D66C /* PageControl.swift */,
			);
			path = PageView;
			sourceTree = "<group>";
		};
		6CD33A6B25958B1F00E1D66C /* WatchLandmarks */ = {
			isa = PBXGroup;
			children = (
				6CD33A6C25958B2100E1D66C /* Assets.xcassets */,
				6CD33A6E25958B2100E1D66C /* Info.plist */,
			);
			path = WatchLandmarks;
			sourceTree = "<group>";
		};
		6CD33A7725958B2100E1D66C /* WatchLandmarks Extension */ = {
			isa = PBXGroup;
			children = (
				6CD33A7A25958B2100E1D66C /* ContentView.swift */,
				6CD33A7C25958B2100E1D66C /* NotificationController.swift */,
				6CD33A7E25958B2100E1D66C /* NotificationView.swift */,
				6CD33A8025958B2100E1D66C /* ComplicationController.swift */,
				6CD33A8225958B2200E1D66C /* Assets.xcassets */,
				6CD33A8725958B2200E1D66C /* Info.plist */,
				6CD33A8825958B2200E1D66C /* PushNotificationPayload.apns */,
				6CD33A8425958B2200E1D66C /* Preview Content */,
				6CD33AB42595BA2F00E1D66C /* LandmarkDetail.swift */,
			);
			path = "WatchLandmarks Extension";
			sourceTree = "<group>";
		};
		6CD33A8425958B2200E1D66C /* Preview Content */ = {
			isa = PBXGroup;
			children = (
				6CD33A8525958B2200E1D66C /* Preview Assets.xcassets */,
			);
			path = "Preview Content";
			sourceTree = "<group>";
		};
/* End PBXGroup section */

/* Begin PBXNativeTarget section */
		6C88722D2591B67E00CE2992 /* Landmarks */ = {
			isa = PBXNativeTarget;
			buildConfigurationList = 6C8872532591B68400CE2992 /* Build configuration list for PBXNativeTarget "Landmarks" */;
			buildPhases = (
				6C88722A2591B67E00CE2992 /* Sources */,
				6C88722B2591B67E00CE2992 /* Frameworks */,
				6C88722C2591B67E00CE2992 /* Resources */,
				6CD33A9325958B2200E1D66C /* Embed Watch Content */,
			);
			buildRules = (
			);
			dependencies = (
				6CD33A8A25958B2200E1D66C /* PBXTargetDependency */,
			);
			name = Landmarks;
			productName = Landmarks;
			productReference = 6C88722E2591B67F00CE2992 /* Landmarks.app */;
			productType = "com.apple.product-type.application";
		};
		6C88723E2591B68400CE2992 /* LandmarksTests */ = {
			isa = PBXNativeTarget;
			buildConfigurationList = 6C8872562591B68400CE2992 /* Build configuration list for PBXNativeTarget "LandmarksTests" */;
			buildPhases = (
				6C88723B2591B68400CE2992 /* Sources */,
				6C88723C2591B68400CE2992 /* Frameworks */,
				6C88723D2591B68400CE2992 /* Resources */,
			);
			buildRules = (
			);
			dependencies = (
				6C8872412591B68400CE2992 /* PBXTargetDependency */,
			);
			name = LandmarksTests;
			productName = LandmarksTests;
			productReference = 6C88723F2591B68400CE2992 /* LandmarksTests.xctest */;
			productType = "com.apple.product-type.bundle.unit-test";
		};
		6C8872492591B68400CE2992 /* LandmarksUITests */ = {
			isa = PBXNativeTarget;
			buildConfigurationList = 6C8872592591B68400CE2992 /* Build configuration list for PBXNativeTarget "LandmarksUITests" */;
			buildPhases = (
				6C8872462591B68400CE2992 /* Sources */,
				6C8872472591B68400CE2992 /* Frameworks */,
				6C8872482591B68400CE2992 /* Resources */,
			);
			buildRules = (
			);
			dependencies = (
				6C88724C2591B68400CE2992 /* PBXTargetDependency */,
			);
			name = LandmarksUITests;
			productName = LandmarksUITests;
			productReference = 6C88724A2591B68400CE2992 /* LandmarksUITests.xctest */;
			productType = "com.apple.product-type.bundle.ui-testing";
		};
		6CD33A6925958B1F00E1D66C /* WatchLandmarks */ = {
			isa = PBXNativeTarget;
			buildConfigurationList = 6CD33A9025958B2200E1D66C /* Build configuration list for PBXNativeTarget "WatchLandmarks" */;
			buildPhases = (
				6CD33A6825958B1F00E1D66C /* Resources */,
				6CD33A8F25958B2200E1D66C /* Embed App Extensions */,
			);
			buildRules = (
			);
			dependencies = (
				6CD33A7625958B2100E1D66C /* PBXTargetDependency */,
			);
			name = WatchLandmarks;
			productName = WatchLandmarks;
			productReference = 6CD33A6A25958B1F00E1D66C /* WatchLandmarks.app */;
			productType = "com.apple.product-type.application.watchapp2";
		};
		6CD33A7225958B2100E1D66C /* WatchLandmarks Extension */ = {
			isa = PBXNativeTarget;
			buildConfigurationList = 6CD33A8C25958B2200E1D66C /* Build configuration list for PBXNativeTarget "WatchLandmarks Extension" */;
			buildPhases = (
				6CD33A6F25958B2100E1D66C /* Sources */,
				6CD33A7025958B2100E1D66C /* Frameworks */,
				6CD33A7125958B2100E1D66C /* Resources */,
			);
			buildRules = (
			);
			dependencies = (
			);
			name = "WatchLandmarks Extension";
			productName = "WatchLandmarks Extension";
			productReference = 6CD33A7325958B2100E1D66C /* WatchLandmarks Extension.appex */;
			productType = "com.apple.product-type.watchkit2-extension";
		};
/* End PBXNativeTarget section */

/* Begin PBXProject section */
		6C8872262591B67E00CE2992 /* Project object */ = {
			isa = PBXProject;
			attributes = {
				LastSwiftUpdateCheck = 1220;
				LastUpgradeCheck = 1220;
				TargetAttributes = {
					6C88722D2591B67E00CE2992 = {
						CreatedOnToolsVersion = 12.2;
					};
					6C88723E2591B68400CE2992 = {
						CreatedOnToolsVersion = 12.2;
						TestTargetID = 6C88722D2591B67E00CE2992;
					};
					6C8872492591B68400CE2992 = {
						CreatedOnToolsVersion = 12.2;
						TestTargetID = 6C88722D2591B67E00CE2992;
					};
					6CD33A6925958B1F00E1D66C = {
						CreatedOnToolsVersion = 12.2;
					};
					6CD33A7225958B2100E1D66C = {
						CreatedOnToolsVersion = 12.2;
					};
				};
			};
			buildConfigurationList = 6C8872292591B67E00CE2992 /* Build configuration list for PBXProject "Landmarks" */;
			compatibilityVersion = "Xcode 9.3";
			developmentRegion = en;
			hasScannedForEncodings = 0;
			knownRegions = (
				en,
				Base,
			);
			mainGroup = 6C8872252591B67E00CE2992;
			productRefGroup = 6C88722F2591B67F00CE2992 /* Products */;
			projectDirPath = "";
			projectRoot = "";
			targets = (
				6C88722D2591B67E00CE2992 /* Landmarks */,
				6C88723E2591B68400CE2992 /* LandmarksTests */,
				6C8872492591B68400CE2992 /* LandmarksUITests */,
				6CD33A6925958B1F00E1D66C /* WatchLandmarks */,
				6CD33A7225958B2100E1D66C /* WatchLandmarks Extension */,
			);
		};
/* End PBXProject section */

/* Begin PBXResourcesBuildPhase section */
		6C88722C2591B67E00CE2992 /* Resources */ = {
			isa = PBXResourcesBuildPhase;
			buildActionMask = 2147483647;
			files = (
				6CD33A1425945F8F00E1D66C /* hikeData.json in Resources */,
				6C8872392591B68300CE2992 /* Preview Assets.xcassets in Resources */,
				6C8872362591B68300CE2992 /* Assets.xcassets in Resources */,
				6C8872782591D31000CE2992 /* landmarkData.json in Resources */,
			);
			runOnlyForDeploymentPostprocessing = 0;
		};
		6C88723D2591B68400CE2992 /* Resources */ = {
			isa = PBXResourcesBuildPhase;
			buildActionMask = 2147483647;
			files = (
			);
			runOnlyForDeploymentPostprocessing = 0;
		};
		6C8872482591B68400CE2992 /* Resources */ = {
			isa = PBXResourcesBuildPhase;
			buildActionMask = 2147483647;
			files = (
			);
			runOnlyForDeploymentPostprocessing = 0;
		};
		6CD33A6825958B1F00E1D66C /* Resources */ = {
			isa = PBXResourcesBuildPhase;
			buildActionMask = 2147483647;
			files = (
				6CD33A6D25958B2100E1D66C /* Assets.xcassets in Resources */,
			);
			runOnlyForDeploymentPostprocessing = 0;
		};
		6CD33A7125958B2100E1D66C /* Resources */ = {
			isa = PBXResourcesBuildPhase;
			buildActionMask = 2147483647;
			files = (
				6CD33A8625958B2200E1D66C /* Preview Assets.xcassets in Resources */,
				6CD33AA52595959600E1D66C /* landmarkData.json in Resources */,
				6CD33AA32595959600E1D66C /* hikeData.json in Resources */,
				6CD33A8325958B2200E1D66C /* Assets.xcassets in Resources */,
				6CD33AAB2595959600E1D66C /* Assets.xcassets in Resources */,
			);
			runOnlyForDeploymentPostprocessing = 0;
		};
/* End PBXResourcesBuildPhase section */

/* Begin PBXSourcesBuildPhase section */
		6C88722A2591B67E00CE2992 /* Sources */ = {
			isa = PBXSourcesBuildPhase;
			buildActionMask = 2147483647;
			files = (
				6CD33A302595133D00E1D66C /* CategoryRow.swift in Sources */,
				6CD33A3A25951EDF00E1D66C /* Profile.swift in Sources */,
				6C8872632591B76A00CE2992 /* ContentView.swift in Sources */,
				6CD33A2B25950EE000E1D66C /* CategoryHome.swift in Sources */,
				6CD33A5A259575B300E1D66C /* FeatureCard.swift in Sources */,
				6CD33A23259461A800E1D66C /* HikeGraph.swift in Sources */,
				6C8872BD259431E100CE2992 /* Badge.swift in Sources */,
				6C8872732591C97800CE2992 /* MapView.swift in Sources */,
				6CD33A22259461A800E1D66C /* GraphCapsule.swift in Sources */,
				6C8872322591B67F00CE2992 /* LandmarksApp.swift in Sources */,
				6CD33A642595864900E1D66C /* PageControl.swift in Sources */,
				6C88729F2592E68100CE2992 /* FavoriteButton.swift in Sources */,
				6CD33A352595160700E1D66C /* CategoryItem.swift in Sources */,
				6CD33A24259461A800E1D66C /* HikeDetail.swift in Sources */,
				6CD33A452595290100E1D66C /* ProfileSummary.swift in Sources */,
				6C8872A925931D0500CE2992 /* HexagonParameters.swift in Sources */,
				6CD33A402595260500E1D66C /* ProfileHost.swift in Sources */,
				6CD33A1925945FF200E1D66C /* Hike.swift in Sources */,
				6C8872B8259423CC00CE2992 /* RotatedBadgeSymbol.swift in Sources */,
				6CD33A5F2595786900E1D66C /* PageView.swift in Sources */,
				6C8872B32593B02E00CE2992 /* BadgeSymbol.swift in Sources */,
				6CD33A4F259562B100E1D66C /* ProfileEditor.swift in Sources */,
				6C887295259274BB00CE2992 /* LandmarkList.swift in Sources */,
				6CD33A25259461A800E1D66C /* HikeView.swift in Sources */,
				6C88729A2592778900CE2992 /* LandmarkDetail.swift in Sources */,
				6CD33A55259571AF00E1D66C /* PageViewController.swift in Sources */,
				6C8872AE2593212900CE2992 /* BadgeBackground.swift in Sources */,
				6CD33A4A25952AC700E1D66C /* HikeBadge.swift in Sources */,
				6C88726E2591C6E600CE2992 /* CircleImage.swift in Sources */,
				6C88727D2591D34E00CE2992 /* Landmark.swift in Sources */,
				6C8872902592713900CE2992 /* LandmarkRow.swift in Sources */,
				6C8872822591D58D00CE2992 /* ModelData.swift in Sources */,
			);
			runOnlyForDeploymentPostprocessing = 0;
		};
		6C88723B2591B68400CE2992 /* Sources */ = {
			isa = PBXSourcesBuildPhase;
			buildActionMask = 2147483647;
			files = (
				6C8872442591B68400CE2992 /* LandmarksTests.swift in Sources */,
			);
			runOnlyForDeploymentPostprocessing = 0;
		};
		6C8872462591B68400CE2992 /* Sources */ = {
			isa = PBXSourcesBuildPhase;
			buildActionMask = 2147483647;
			files = (
				6C88724F2591B68400CE2992 /* LandmarksUITests.swift in Sources */,
			);
			runOnlyForDeploymentPostprocessing = 0;
		};
		6CD33A6F25958B2100E1D66C /* Sources */ = {
			isa = PBXSourcesBuildPhase;
			buildActionMask = 2147483647;
			files = (
				6CD33AAA2595959600E1D66C /* Hike.swift in Sources */,
				6CD33AAE2595959700E1D66C /* LandmarkRow.swift in Sources */,
				6CD33AAC2595959600E1D66C /* Landmark.swift in Sources */,
				6CD33A7D25958B2100E1D66C /* NotificationController.swift in Sources */,
				6CD33AA82595959600E1D66C /* MapView.swift in Sources */,
				6CD33AA62595959600E1D66C /* Profile.swift in Sources */,
				6CD33AB52595BA2F00E1D66C /* LandmarkDetail.swift in Sources */,
				6CD33A7B25958B2100E1D66C /* ContentView.swift in Sources */,
				6CD33AA92595959600E1D66C /* LandmarksApp.swift in Sources */,
				6CD33AAD2595959700E1D66C /* LandmarkList.swift in Sources */,
				6CD33A8125958B2100E1D66C /* ComplicationController.swift in Sources */,
				6CD33A7F25958B2100E1D66C /* NotificationView.swift in Sources */,
				6CD33AA42595959600E1D66C /* CircleImage.swift in Sources */,
				6CD33AA72595959600E1D66C /* ModelData.swift in Sources */,
			);
			runOnlyForDeploymentPostprocessing = 0;
		};
/* End PBXSourcesBuildPhase section */

/* Begin PBXTargetDependency section */
		6C8872412591B68400CE2992 /* PBXTargetDependency */ = {
			isa = PBXTargetDependency;
			target = 6C88722D2591B67E00CE2992 /* Landmarks */;
			targetProxy = 6C8872402591B68400CE2992 /* PBXContainerItemProxy */;
		};
		6C88724C2591B68400CE2992 /* PBXTargetDependency */ = {
			isa = PBXTargetDependency;
			target = 6C88722D2591B67E00CE2992 /* Landmarks */;
			targetProxy = 6C88724B2591B68400CE2992 /* PBXContainerItemProxy */;
		};
		6CD33A7625958B2100E1D66C /* PBXTargetDependency */ = {
			isa = PBXTargetDependency;
			target = 6CD33A7225958B2100E1D66C /* WatchLandmarks Extension */;
			targetProxy = 6CD33A7525958B2100E1D66C /* PBXContainerItemProxy */;
		};
		6CD33A8A25958B2200E1D66C /* PBXTargetDependency */ = {
			isa = PBXTargetDependency;
			target = 6CD33A6925958B1F00E1D66C /* WatchLandmarks */;
			targetProxy = 6CD33A8925958B2200E1D66C /* PBXContainerItemProxy */;
		};
/* End PBXTargetDependency section */

/* Begin XCBuildConfiguration section */
		6C8872512591B68400CE2992 /* Debug */ = {
			isa = XCBuildConfiguration;
			buildSettings = {
				ALWAYS_SEARCH_USER_PATHS = NO;
				CLANG_ANALYZER_NONNULL = YES;
				CLANG_ANALYZER_NUMBER_OBJECT_CONVERSION = YES_AGGRESSIVE;
				CLANG_CXX_LANGUAGE_STANDARD = "gnu++14";
				CLANG_CXX_LIBRARY = "libc++";
				CLANG_ENABLE_MODULES = YES;
				CLANG_ENABLE_OBJC_ARC = YES;
				CLANG_ENABLE_OBJC_WEAK = YES;
				CLANG_WARN_BLOCK_CAPTURE_AUTORELEASING = YES;
				CLANG_WARN_BOOL_CONVERSION = YES;
				CLANG_WARN_COMMA = YES;
				CLANG_WARN_CONSTANT_CONVERSION = YES;
				CLANG_WARN_DEPRECATED_OBJC_IMPLEMENTATIONS = YES;
				CLANG_WARN_DIRECT_OBJC_ISA_USAGE = YES_ERROR;
				CLANG_WARN_DOCUMENTATION_COMMENTS = YES;
				CLANG_WARN_EMPTY_BODY = YES;
				CLANG_WARN_ENUM_CONVERSION = YES;
				CLANG_WARN_INFINITE_RECURSION = YES;
				CLANG_WARN_INT_CONVERSION = YES;
				CLANG_WARN_NON_LITERAL_NULL_CONVERSION = YES;
				CLANG_WARN_OBJC_IMPLICIT_RETAIN_SELF = YES;
				CLANG_WARN_OBJC_LITERAL_CONVERSION = YES;
				CLANG_WARN_OBJC_ROOT_CLASS = YES_ERROR;
				CLANG_WARN_QUOTED_INCLUDE_IN_FRAMEWORK_HEADER = YES;
				CLANG_WARN_RANGE_LOOP_ANALYSIS = YES;
				CLANG_WARN_STRICT_PROTOTYPES = YES;
				CLANG_WARN_SUSPICIOUS_MOVE = YES;
				CLANG_WARN_UNGUARDED_AVAILABILITY = YES_AGGRESSIVE;
				CLANG_WARN_UNREACHABLE_CODE = YES;
				CLANG_WARN__DUPLICATE_METHOD_MATCH = YES;
				COPY_PHASE_STRIP = NO;
				DEBUG_INFORMATION_FORMAT = dwarf;
				ENABLE_STRICT_OBJC_MSGSEND = YES;
				ENABLE_TESTABILITY = YES;
				GCC_C_LANGUAGE_STANDARD = gnu11;
				GCC_DYNAMIC_NO_PIC = NO;
				GCC_NO_COMMON_BLOCKS = YES;
				GCC_OPTIMIZATION_LEVEL = 0;
				GCC_PREPROCESSOR_DEFINITIONS = (
					"DEBUG=1",
					"$(inherited)",
				);
				GCC_WARN_64_TO_32_BIT_CONVERSION = YES;
				GCC_WARN_ABOUT_RETURN_TYPE = YES_ERROR;
				GCC_WARN_UNDECLARED_SELECTOR = YES;
				GCC_WARN_UNINITIALIZED_AUTOS = YES_AGGRESSIVE;
				GCC_WARN_UNUSED_FUNCTION = YES;
				GCC_WARN_UNUSED_VARIABLE = YES;
				IPHONEOS_DEPLOYMENT_TARGET = 14.2;
				MTL_ENABLE_DEBUG_INFO = INCLUDE_SOURCE;
				MTL_FAST_MATH = YES;
				ONLY_ACTIVE_ARCH = YES;
				SDKROOT = iphoneos;
				SWIFT_ACTIVE_COMPILATION_CONDITIONS = DEBUG;
				SWIFT_OPTIMIZATION_LEVEL = "-Onone";
			};
			name = Debug;
		};
		6C8872522591B68400CE2992 /* Release */ = {
			isa = XCBuildConfiguration;
			buildSettings = {
				ALWAYS_SEARCH_USER_PATHS = NO;
				CLANG_ANALYZER_NONNULL = YES;
				CLANG_ANALYZER_NUMBER_OBJECT_CONVERSION = YES_AGGRESSIVE;
				CLANG_CXX_LANGUAGE_STANDARD = "gnu++14";
				CLANG_CXX_LIBRARY = "libc++";
				CLANG_ENABLE_MODULES = YES;
				CLANG_ENABLE_OBJC_ARC = YES;
				CLANG_ENABLE_OBJC_WEAK = YES;
				CLANG_WARN_BLOCK_CAPTURE_AUTORELEASING = YES;
				CLANG_WARN_BOOL_CONVERSION = YES;
				CLANG_WARN_COMMA = YES;
				CLANG_WARN_CONSTANT_CONVERSION = YES;
				CLANG_WARN_DEPRECATED_OBJC_IMPLEMENTATIONS = YES;
				CLANG_WARN_DIRECT_OBJC_ISA_USAGE = YES_ERROR;
				CLANG_WARN_DOCUMENTATION_COMMENTS = YES;
				CLANG_WARN_EMPTY_BODY = YES;
				CLANG_WARN_ENUM_CONVERSION = YES;
				CLANG_WARN_INFINITE_RECURSION = YES;
				CLANG_WARN_INT_CONVERSION = YES;
				CLANG_WARN_NON_LITERAL_NULL_CONVERSION = YES;
				CLANG_WARN_OBJC_IMPLICIT_RETAIN_SELF = YES;
				CLANG_WARN_OBJC_LITERAL_CONVERSION = YES;
				CLANG_WARN_OBJC_ROOT_CLASS = YES_ERROR;
				CLANG_WARN_QUOTED_INCLUDE_IN_FRAMEWORK_HEADER = YES;
				CLANG_WARN_RANGE_LOOP_ANALYSIS = YES;
				CLANG_WARN_STRICT_PROTOTYPES = YES;
				CLANG_WARN_SUSPICIOUS_MOVE = YES;
				CLANG_WARN_UNGUARDED_AVAILABILITY = YES_AGGRESSIVE;
				CLANG_WARN_UNREACHABLE_CODE = YES;
				CLANG_WARN__DUPLICATE_METHOD_MATCH = YES;
				COPY_PHASE_STRIP = NO;
				DEBUG_INFORMATION_FORMAT = "dwarf-with-dsym";
				ENABLE_NS_ASSERTIONS = NO;
				ENABLE_STRICT_OBJC_MSGSEND = YES;
				GCC_C_LANGUAGE_STANDARD = gnu11;
				GCC_NO_COMMON_BLOCKS = YES;
				GCC_WARN_64_TO_32_BIT_CONVERSION = YES;
				GCC_WARN_ABOUT_RETURN_TYPE = YES_ERROR;
				GCC_WARN_UNDECLARED_SELECTOR = YES;
				GCC_WARN_UNINITIALIZED_AUTOS = YES_AGGRESSIVE;
				GCC_WARN_UNUSED_FUNCTION = YES;
				GCC_WARN_UNUSED_VARIABLE = YES;
				IPHONEOS_DEPLOYMENT_TARGET = 14.2;
				MTL_ENABLE_DEBUG_INFO = NO;
				MTL_FAST_MATH = YES;
				SDKROOT = iphoneos;
				SWIFT_COMPILATION_MODE = wholemodule;
				SWIFT_OPTIMIZATION_LEVEL = "-O";
				VALIDATE_PRODUCT = YES;
			};
			name = Release;
		};
		6C8872542591B68400CE2992 /* Debug */ = {
			isa = XCBuildConfiguration;
			buildSettings = {
				ASSETCATALOG_COMPILER_APPICON_NAME = AppIcon;
				ASSETCATALOG_COMPILER_GLOBAL_ACCENT_COLOR_NAME = AccentColor;
				CODE_SIGN_STYLE = Automatic;
				DEVELOPMENT_ASSET_PATHS = "\"Landmarks/Preview Content\"";
				ENABLE_PREVIEWS = YES;
				INFOPLIST_FILE = Landmarks/Info.plist;
				IPHONEOS_DEPLOYMENT_TARGET = 14.0;
				LD_RUNPATH_SEARCH_PATHS = (
					"$(inherited)",
					"@executable_path/Frameworks",
				);
				PRODUCT_BUNDLE_IDENTIFIER = com.cocabit.Landmarks;
				PRODUCT_NAME = "$(TARGET_NAME)";
				SWIFT_VERSION = 5.0;
				TARGETED_DEVICE_FAMILY = "1,2";
			};
			name = Debug;
		};
		6C8872552591B68400CE2992 /* Release */ = {
			isa = XCBuildConfiguration;
			buildSettings = {
				ASSETCATALOG_COMPILER_APPICON_NAME = AppIcon;
				ASSETCATALOG_COMPILER_GLOBAL_ACCENT_COLOR_NAME = AccentColor;
				CODE_SIGN_STYLE = Automatic;
				DEVELOPMENT_ASSET_PATHS = "\"Landmarks/Preview Content\"";
				ENABLE_PREVIEWS = YES;
				INFOPLIST_FILE = Landmarks/Info.plist;
				IPHONEOS_DEPLOYMENT_TARGET = 14.0;
				LD_RUNPATH_SEARCH_PATHS = (
					"$(inherited)",
					"@executable_path/Frameworks",
				);
				PRODUCT_BUNDLE_IDENTIFIER = com.cocabit.Landmarks;
				PRODUCT_NAME = "$(TARGET_NAME)";
				SWIFT_VERSION = 5.0;
				TARGETED_DEVICE_FAMILY = "1,2";
			};
			name = Release;
		};
		6C8872572591B68400CE2992 /* Debug */ = {
			isa = XCBuildConfiguration;
			buildSettings = {
				ALWAYS_EMBED_SWIFT_STANDARD_LIBRARIES = YES;
				BUNDLE_LOADER = "$(TEST_HOST)";
				CODE_SIGN_STYLE = Automatic;
				INFOPLIST_FILE = LandmarksTests/Info.plist;
				IPHONEOS_DEPLOYMENT_TARGET = 14.0;
				LD_RUNPATH_SEARCH_PATHS = (
					"$(inherited)",
					"@executable_path/Frameworks",
					"@loader_path/Frameworks",
				);
				PRODUCT_BUNDLE_IDENTIFIER = com.cocabit.LandmarksTests;
				PRODUCT_NAME = "$(TARGET_NAME)";
				SWIFT_VERSION = 5.0;
				TARGETED_DEVICE_FAMILY = "1,2";
				TEST_HOST = "$(BUILT_PRODUCTS_DIR)/Landmarks.app/Landmarks";
			};
			name = Debug;
		};
		6C8872582591B68400CE2992 /* Release */ = {
			isa = XCBuildConfiguration;
			buildSettings = {
				ALWAYS_EMBED_SWIFT_STANDARD_LIBRARIES = YES;
				BUNDLE_LOADER = "$(TEST_HOST)";
				CODE_SIGN_STYLE = Automatic;
				INFOPLIST_FILE = LandmarksTests/Info.plist;
				IPHONEOS_DEPLOYMENT_TARGET = 14.0;
				LD_RUNPATH_SEARCH_PATHS = (
					"$(inherited)",
					"@executable_path/Frameworks",
					"@loader_path/Frameworks",
				);
				PRODUCT_BUNDLE_IDENTIFIER = com.cocabit.LandmarksTests;
				PRODUCT_NAME = "$(TARGET_NAME)";
				SWIFT_VERSION = 5.0;
				TARGETED_DEVICE_FAMILY = "1,2";
				TEST_HOST = "$(BUILT_PRODUCTS_DIR)/Landmarks.app/Landmarks";
			};
			name = Release;
		};
		6C88725A2591B68400CE2992 /* Debug */ = {
			isa = XCBuildConfiguration;
			buildSettings = {
				ALWAYS_EMBED_SWIFT_STANDARD_LIBRARIES = YES;
				CODE_SIGN_STYLE = Automatic;
				INFOPLIST_FILE = LandmarksUITests/Info.plist;
				LD_RUNPATH_SEARCH_PATHS = (
					"$(inherited)",
					"@executable_path/Frameworks",
					"@loader_path/Frameworks",
				);
				PRODUCT_BUNDLE_IDENTIFIER = com.cocabit.LandmarksUITests;
				PRODUCT_NAME = "$(TARGET_NAME)";
				SWIFT_VERSION = 5.0;
				TARGETED_DEVICE_FAMILY = "1,2";
				TEST_TARGET_NAME = Landmarks;
			};
			name = Debug;
		};
		6C88725B2591B68400CE2992 /* Release */ = {
			isa = XCBuildConfiguration;
			buildSettings = {
				ALWAYS_EMBED_SWIFT_STANDARD_LIBRARIES = YES;
				CODE_SIGN_STYLE = Automatic;
				INFOPLIST_FILE = LandmarksUITests/Info.plist;
				LD_RUNPATH_SEARCH_PATHS = (
					"$(inherited)",
					"@executable_path/Frameworks",
					"@loader_path/Frameworks",
				);
				PRODUCT_BUNDLE_IDENTIFIER = com.cocabit.LandmarksUITests;
				PRODUCT_NAME = "$(TARGET_NAME)";
				SWIFT_VERSION = 5.0;
				TARGETED_DEVICE_FAMILY = "1,2";
				TEST_TARGET_NAME = Landmarks;
			};
			name = Release;
		};
		6CD33A8D25958B2200E1D66C /* Debug */ = {
			isa = XCBuildConfiguration;
			buildSettings = {
				ASSETCATALOG_COMPILER_COMPLICATION_NAME = Complication;
				CODE_SIGN_STYLE = Automatic;
				DEVELOPMENT_ASSET_PATHS = "\"WatchLandmarks Extension/Preview Content\"";
				ENABLE_PREVIEWS = YES;
				INFOPLIST_FILE = "WatchLandmarks Extension/Info.plist";
				LD_RUNPATH_SEARCH_PATHS = (
					"$(inherited)",
					"@executable_path/Frameworks",
					"@executable_path/../../Frameworks",
				);
				PRODUCT_BUNDLE_IDENTIFIER = com.cocabit.Landmarks.watchkitapp.watchkitextension;
				PRODUCT_NAME = "${TARGET_NAME}";
				SDKROOT = watchos;
				SKIP_INSTALL = YES;
				SWIFT_VERSION = 5.0;
				TARGETED_DEVICE_FAMILY = 4;
				WATCHOS_DEPLOYMENT_TARGET = 7.1;
			};
			name = Debug;
		};
		6CD33A8E25958B2200E1D66C /* Release */ = {
			isa = XCBuildConfiguration;
			buildSettings = {
				ASSETCATALOG_COMPILER_COMPLICATION_NAME = Complication;
				CODE_SIGN_STYLE = Automatic;
				DEVELOPMENT_ASSET_PATHS = "\"WatchLandmarks Extension/Preview Content\"";
				ENABLE_PREVIEWS = YES;
				INFOPLIST_FILE = "WatchLandmarks Extension/Info.plist";
				LD_RUNPATH_SEARCH_PATHS = (
					"$(inherited)",
					"@executable_path/Frameworks",
					"@executable_path/../../Frameworks",
				);
				PRODUCT_BUNDLE_IDENTIFIER = com.cocabit.Landmarks.watchkitapp.watchkitextension;
				PRODUCT_NAME = "${TARGET_NAME}";
				SDKROOT = watchos;
				SKIP_INSTALL = YES;
				SWIFT_VERSION = 5.0;
				TARGETED_DEVICE_FAMILY = 4;
				WATCHOS_DEPLOYMENT_TARGET = 7.1;
			};
			name = Release;
		};
		6CD33A9125958B2200E1D66C /* Debug */ = {
			isa = XCBuildConfiguration;
			buildSettings = {
				ALWAYS_EMBED_SWIFT_STANDARD_LIBRARIES = YES;
				ASSETCATALOG_COMPILER_APPICON_NAME = AppIcon;
				ASSETCATALOG_COMPILER_GLOBAL_ACCENT_COLOR_NAME = AccentColor;
				CODE_SIGN_STYLE = Automatic;
				IBSC_MODULE = WatchLandmarks_Extension;
				INFOPLIST_FILE = WatchLandmarks/Info.plist;
				PRODUCT_BUNDLE_IDENTIFIER = com.cocabit.Landmarks.watchkitapp;
				PRODUCT_NAME = "$(TARGET_NAME)";
				SDKROOT = watchos;
				SKIP_INSTALL = YES;
				SWIFT_VERSION = 5.0;
				TARGETED_DEVICE_FAMILY = 4;
				WATCHOS_DEPLOYMENT_TARGET = 7.1;
			};
			name = Debug;
		};
		6CD33A9225958B2200E1D66C /* Release */ = {
			isa = XCBuildConfiguration;
			buildSettings = {
				ALWAYS_EMBED_SWIFT_STANDARD_LIBRARIES = YES;
				ASSETCATALOG_COMPILER_APPICON_NAME = AppIcon;
				ASSETCATALOG_COMPILER_GLOBAL_ACCENT_COLOR_NAME = AccentColor;
				CODE_SIGN_STYLE = Automatic;
				IBSC_MODULE = WatchLandmarks_Extension;
				INFOPLIST_FILE = WatchLandmarks/Info.plist;
				PRODUCT_BUNDLE_IDENTIFIER = com.cocabit.Landmarks.watchkitapp;
				PRODUCT_NAME = "$(TARGET_NAME)";
				SDKROOT = watchos;
				SKIP_INSTALL = YES;
				SWIFT_VERSION = 5.0;
				TARGETED_DEVICE_FAMILY = 4;
				WATCHOS_DEPLOYMENT_TARGET = 7.1;
			};
			name = Release;
		};
/* End XCBuildConfiguration section */

/* Begin XCConfigurationList section */
		6C8872292591B67E00CE2992 /* Build configuration list for PBXProject "Landmarks" */ = {
			isa = XCConfigurationList;
			buildConfigurations = (
				6C8872512591B68400CE2992 /* Debug */,
				6C8872522591B68400CE2992 /* Release */,
			);
			defaultConfigurationIsVisible = 0;
			defaultConfigurationName = Release;
		};
		6C8872532591B68400CE2992 /* Build configuration list for PBXNativeTarget "Landmarks" */ = {
			isa = XCConfigurationList;
			buildConfigurations = (
				6C8872542591B68400CE2992 /* Debug */,
				6C8872552591B68400CE2992 /* Release */,
			);
			defaultConfigurationIsVisible = 0;
			defaultConfigurationName = Release;
		};
		6C8872562591B68400CE2992 /* Build configuration list for PBXNativeTarget "LandmarksTests" */ = {
			isa = XCConfigurationList;
			buildConfigurations = (
				6C8872572591B68400CE2992 /* Debug */,
				6C8872582591B68400CE2992 /* Release */,
			);
			defaultConfigurationIsVisible = 0;
			defaultConfigurationName = Release;
		};
		6C8872592591B68400CE2992 /* Build configuration list for PBXNativeTarget "LandmarksUITests" */ = {
			isa = XCConfigurationList;
			buildConfigurations = (
				6C88725A2591B68400CE2992 /* Debug */,
				6C88725B2591B68400CE2992 /* Release */,
			);
			defaultConfigurationIsVisible = 0;
			defaultConfigurationName = Release;
		};
		6CD33A8C25958B2200E1D66C /* Build configuration list for PBXNativeTarget "WatchLandmarks Extension" */ = {
			isa = XCConfigurationList;
			buildConfigurations = (
				6CD33A8D25958B2200E1D66C /* Debug */,
				6CD33A8E25958B2200E1D66C /* Release */,
			);
			defaultConfigurationIsVisible = 0;
			defaultConfigurationName = Release;
		};
		6CD33A9025958B2200E1D66C /* Build configuration list for PBXNativeTarget "WatchLandmarks" */ = {
			isa = XCConfigurationList;
			buildConfigurations = (
				6CD33A9125958B2200E1D66C /* Debug */,
				6CD33A9225958B2200E1D66C /* Release */,
			);
			defaultConfigurationIsVisible = 0;
			defaultConfigurationName = Release;
		};
/* End XCConfigurationList section */
	};
	rootObject = 6C8872262591B67E00CE2992 /* Project object */;
}
